// !$*UTF8*$!
{
	archiveVersion = 1;
	classes = {
	};
	objectVersion = 51;
	objects = {

/* Begin PBXBuildFile section */
		72049350049ACAD97B10E842 /* Pods_TL_DR.framework in Frameworks */ = {isa = PBXBuildFile; fileRef = B3734232938EBDB125A2F0F0 /* Pods_TL_DR.framework */; };
		DD5D16C1260D176C0096BA6E /* AppDelegate.swift in Sources */ = {isa = PBXBuildFile; fileRef = DD5D16C0260D176C0096BA6E /* AppDelegate.swift */; };
		DD5D16C3260D176C0096BA6E /* SceneDelegate.swift in Sources */ = {isa = PBXBuildFile; fileRef = DD5D16C2260D176C0096BA6E /* SceneDelegate.swift */; };
		DD5D16C5260D176C0096BA6E /* ViewController.swift in Sources */ = {isa = PBXBuildFile; fileRef = DD5D16C4260D176C0096BA6E /* ViewController.swift */; };
		DD5D16C8260D176C0096BA6E /* Main.storyboard in Resources */ = {isa = PBXBuildFile; fileRef = DD5D16C6260D176C0096BA6E /* Main.storyboard */; };
		DD5D16CA260D176D0096BA6E /* Assets.xcassets in Resources */ = {isa = PBXBuildFile; fileRef = DD5D16C9260D176D0096BA6E /* Assets.xcassets */; };
		DD5D16CD260D176D0096BA6E /* LaunchScreen.storyboard in Resources */ = {isa = PBXBuildFile; fileRef = DD5D16CB260D176D0096BA6E /* LaunchScreen.storyboard */; };
		DD8669CC260D194800DC15A2 /* LICENSE.txt in Resources */ = {isa = PBXBuildFile; fileRef = DD8669CB260D194800DC15A2 /* LICENSE.txt */; };
		DDACA52726E2C19E005A1086 /* StoreKit.framework in Frameworks */ = {isa = PBXBuildFile; fileRef = DDACA52626E2C19E005A1086 /* StoreKit.framework */; };
/* End PBXBuildFile section */

/* Begin PBXFileReference section */
		4EB5A5EF92D016878F4CAE62 /* Pods-TL;DR.debug.xcconfig */ = {isa = PBXFileReference; includeInIndex = 1; lastKnownFileType = text.xcconfig; name = "Pods-TL;DR.debug.xcconfig"; path = "Target Support Files/Pods-TL;DR/Pods-TL;DR.debug.xcconfig"; sourceTree = "<group>"; };
		88787E83CB532C45BDFA5365 /* Pods-TL;DR.release.xcconfig */ = {isa = PBXFileReference; includeInIndex = 1; lastKnownFileType = text.xcconfig; name = "Pods-TL;DR.release.xcconfig"; path = "Target Support Files/Pods-TL;DR/Pods-TL;DR.release.xcconfig"; sourceTree = "<group>"; };
		B3734232938EBDB125A2F0F0 /* Pods_TL_DR.framework */ = {isa = PBXFileReference; explicitFileType = wrapper.framework; includeInIndex = 0; path = Pods_TL_DR.framework; sourceTree = BUILT_PRODUCTS_DIR; };
		DD5D16BD260D176C0096BA6E /* TL;DR.app */ = {isa = PBXFileReference; explicitFileType = wrapper.application; includeInIndex = 0; path = "TL;DR.app"; sourceTree = BUILT_PRODUCTS_DIR; };
		DD5D16C0260D176C0096BA6E /* AppDelegate.swift */ = {isa = PBXFileReference; lastKnownFileType = sourcecode.swift; path = AppDelegate.swift; sourceTree = "<group>"; };
		DD5D16C2260D176C0096BA6E /* SceneDelegate.swift */ = {isa = PBXFileReference; lastKnownFileType = sourcecode.swift; path = SceneDelegate.swift; sourceTree = "<group>"; };
		DD5D16C4260D176C0096BA6E /* ViewController.swift */ = {isa = PBXFileReference; lastKnownFileType = sourcecode.swift; path = ViewController.swift; sourceTree = "<group>"; };
		DD5D16C7260D176C0096BA6E /* Base */ = {isa = PBXFileReference; lastKnownFileType = file.storyboard; name = Base; path = Base.lproj/Main.storyboard; sourceTree = "<group>"; };
		DD5D16C9260D176D0096BA6E /* Assets.xcassets */ = {isa = PBXFileReference; lastKnownFileType = folder.assetcatalog; path = Assets.xcassets; sourceTree = "<group>"; };
		DD5D16CC260D176D0096BA6E /* Base */ = {isa = PBXFileReference; lastKnownFileType = file.storyboard; name = Base; path = Base.lproj/LaunchScreen.storyboard; sourceTree = "<group>"; };
		DD5D16CE260D176D0096BA6E /* Info.plist */ = {isa = PBXFileReference; lastKnownFileType = text.plist.xml; path = Info.plist; sourceTree = "<group>"; };
		DD8669CB260D194800DC15A2 /* LICENSE.txt */ = {isa = PBXFileReference; fileEncoding = 4; lastKnownFileType = text; path = LICENSE.txt; sourceTree = "<group>"; };
		DDACA52626E2C19E005A1086 /* StoreKit.framework */ = {isa = PBXFileReference; lastKnownFileType = wrapper.framework; name = StoreKit.framework; path = System/Library/Frameworks/StoreKit.framework; sourceTree = SDKROOT; };
/* End PBXFileReference section */

/* Begin PBXFrameworksBuildPhase section */
		DD5D16BA260D176C0096BA6E /* Frameworks */ = {
			isa = PBXFrameworksBuildPhase;
			buildActionMask = 2147483647;
			files = (
				72049350049ACAD97B10E842 /* Pods_TL_DR.framework in Frameworks */,
				DDACA52726E2C19E005A1086 /* StoreKit.framework in Frameworks */,
			);
			runOnlyForDeploymentPostprocessing = 0;
		};
/* End PBXFrameworksBuildPhase section */

/* Begin PBXGroup section */
		9B9E281925E8A33CF8E65D11 /* Pods */ = {
			isa = PBXGroup;
			children = (
				4EB5A5EF92D016878F4CAE62 /* Pods-TL;DR.debug.xcconfig */,
				88787E83CB532C45BDFA5365 /* Pods-TL;DR.release.xcconfig */,
			);
			path = Pods;
			sourceTree = "<group>";
		};
		DD5D16B4260D176C0096BA6E = {
			isa = PBXGroup;
			children = (
				DD8669CA260D194800DC15A2 /* LICENSE */,
				DD5D16BF260D176C0096BA6E /* TL;DR */,
				DD5D16BE260D176C0096BA6E /* Products */,
				9B9E281925E8A33CF8E65D11 /* Pods */,
				F1A2EDEE914FEB80FEAD454C /* Frameworks */,
			);
			sourceTree = "<group>";
		};
		DD5D16BE260D176C0096BA6E /* Products */ = {
			isa = PBXGroup;
			children = (
				DD5D16BD260D176C0096BA6E /* TL;DR.app */,
			);
			name = Products;
			sourceTree = "<group>";
		};
		DD5D16BF260D176C0096BA6E /* TL;DR */ = {
			isa = PBXGroup;
			children = (
				DD5D16C0260D176C0096BA6E /* AppDelegate.swift */,
				DD5D16C2260D176C0096BA6E /* SceneDelegate.swift */,
				DD5D16C4260D176C0096BA6E /* ViewController.swift */,
				DD5D16C6260D176C0096BA6E /* Main.storyboard */,
				DD5D16C9260D176D0096BA6E /* Assets.xcassets */,
				DD5D16CB260D176D0096BA6E /* LaunchScreen.storyboard */,
				DD5D16CE260D176D0096BA6E /* Info.plist */,
			);
			path = "TL;DR";
			sourceTree = "<group>";
		};
		DD8669CA260D194800DC15A2 /* LICENSE */ = {
			isa = PBXGroup;
			children = (
				DD8669CB260D194800DC15A2 /* LICENSE.txt */,
			);
			path = LICENSE;
			sourceTree = "<group>";
		};
		F1A2EDEE914FEB80FEAD454C /* Frameworks */ = {
			isa = PBXGroup;
			children = (
				DDACA52626E2C19E005A1086 /* StoreKit.framework */,
				B3734232938EBDB125A2F0F0 /* Pods_TL_DR.framework */,
			);
			name = Frameworks;
			sourceTree = "<group>";
		};
/* End PBXGroup section */

/* Begin PBXNativeTarget section */
		DD5D16BC260D176C0096BA6E /* TL;DR */ = {
			isa = PBXNativeTarget;
			buildConfigurationList = DD5D16D1260D176D0096BA6E /* Build configuration list for PBXNativeTarget "TL;DR" */;
			buildPhases = (
				C0B1DC4A2D5BF495DE27D191 /* [CP] Check Pods Manifest.lock */,
				DD5D16B9260D176C0096BA6E /* Sources */,
				DD5D16BA260D176C0096BA6E /* Frameworks */,
				DD5D16BB260D176C0096BA6E /* Resources */,
				9EC8E05D1725DEA02C47DA1D /* [CP] Embed Pods Frameworks */,
			);
			buildRules = (
			);
			dependencies = (
			);
			name = "TL;DR";
			productName = "TL;DR";
			productReference = DD5D16BD260D176C0096BA6E /* TL;DR.app */;
			productType = "com.apple.product-type.application";
		};
/* End PBXNativeTarget section */

/* Begin PBXProject section */
		DD5D16B5260D176C0096BA6E /* Project object */ = {
			isa = PBXProject;
			attributes = {
				LastSwiftUpdateCheck = 1240;
				LastUpgradeCheck = 1240;
				TargetAttributes = {
					DD5D16BC260D176C0096BA6E = {
						CreatedOnToolsVersion = 12.4;
					};
				};
			};
			buildConfigurationList = DD5D16B8260D176C0096BA6E /* Build configuration list for PBXProject "TL;DR" */;
			compatibilityVersion = "Xcode 9.3";
			developmentRegion = en;
			hasScannedForEncodings = 0;
			knownRegions = (
				en,
				Base,
			);
			mainGroup = DD5D16B4260D176C0096BA6E;
			productRefGroup = DD5D16BE260D176C0096BA6E /* Products */;
			projectDirPath = "";
			projectRoot = "";
			targets = (
				DD5D16BC260D176C0096BA6E /* TL;DR */,
			);
		};
/* End PBXProject section */

/* Begin PBXResourcesBuildPhase section */
		DD5D16BB260D176C0096BA6E /* Resources */ = {
			isa = PBXResourcesBuildPhase;
			buildActionMask = 2147483647;
			files = (
				DD8669CC260D194800DC15A2 /* LICENSE.txt in Resources */,
				DD5D16CD260D176D0096BA6E /* LaunchScreen.storyboard in Resources */,
				DD5D16CA260D176D0096BA6E /* Assets.xcassets in Resources */,
				DD5D16C8260D176C0096BA6E /* Main.storyboard in Resources */,
			);
			runOnlyForDeploymentPostprocessing = 0;
		};
/* End PBXResourcesBuildPhase section */

/* Begin PBXShellScriptBuildPhase section */
		9EC8E05D1725DEA02C47DA1D /* [CP] Embed Pods Frameworks */ = {
			isa = PBXShellScriptBuildPhase;
			buildActionMask = 2147483647;
			files = (
			);
			inputFileListPaths = (
				"${PODS_ROOT}/Target Support Files/Pods-TL;DR/Pods-TL;DR-frameworks-${CONFIGURATION}-input-files.xcfilelist",
			);
			name = "[CP] Embed Pods Frameworks";
			outputFileListPaths = (
				"${PODS_ROOT}/Target Support Files/Pods-TL;DR/Pods-TL;DR-frameworks-${CONFIGURATION}-output-files.xcfilelist",
			);
			runOnlyForDeploymentPostprocessing = 0;
			shellPath = /bin/sh;
			shellScript = "\"${PODS_ROOT}/Target Support Files/Pods-TL;DR/Pods-TL;DR-frameworks.sh\"\n";
			showEnvVarsInLog = 0;
		};
		C0B1DC4A2D5BF495DE27D191 /* [CP] Check Pods Manifest.lock */ = {
			isa = PBXShellScriptBuildPhase;
			buildActionMask = 2147483647;
			files = (
			);
			inputFileListPaths = (
			);
			inputPaths = (
				"${PODS_PODFILE_DIR_PATH}/Podfile.lock",
				"${PODS_ROOT}/Manifest.lock",
			);
			name = "[CP] Check Pods Manifest.lock";
			outputFileListPaths = (
			);
			outputPaths = (
				"$(DERIVED_FILE_DIR)/Pods-TL;DR-checkManifestLockResult.txt",
			);
			runOnlyForDeploymentPostprocessing = 0;
			shellPath = /bin/sh;
			shellScript = "diff \"${PODS_PODFILE_DIR_PATH}/Podfile.lock\" \"${PODS_ROOT}/Manifest.lock\" > /dev/null\nif [ $? != 0 ] ; then\n    # print error to STDERR\n    echo \"error: The sandbox is not in sync with the Podfile.lock. Run 'pod install' or update your CocoaPods installation.\" >&2\n    exit 1\nfi\n# This output is used by Xcode 'outputs' to avoid re-running this script phase.\necho \"SUCCESS\" > \"${SCRIPT_OUTPUT_FILE_0}\"\n";
			showEnvVarsInLog = 0;
		};
/* End PBXShellScriptBuildPhase section */

/* Begin PBXSourcesBuildPhase section */
		DD5D16B9260D176C0096BA6E /* Sources */ = {
			isa = PBXSourcesBuildPhase;
			buildActionMask = 2147483647;
			files = (
				DD5D16C5260D176C0096BA6E /* ViewController.swift in Sources */,
				DD5D16C1260D176C0096BA6E /* AppDelegate.swift in Sources */,
				DD5D16C3260D176C0096BA6E /* SceneDelegate.swift in Sources */,
			);
			runOnlyForDeploymentPostprocessing = 0;
		};
/* End PBXSourcesBuildPhase section */

/* Begin PBXVariantGroup section */
		DD5D16C6260D176C0096BA6E /* Main.storyboard */ = {
			isa = PBXVariantGroup;
			children = (
				DD5D16C7260D176C0096BA6E /* Base */,
			);
			name = Main.storyboard;
			sourceTree = "<group>";
		};
		DD5D16CB260D176D0096BA6E /* LaunchScreen.storyboard */ = {
			isa = PBXVariantGroup;
			children = (
				DD5D16CC260D176D0096BA6E /* Base */,
			);
			name = LaunchScreen.storyboard;
			sourceTree = "<group>";
		};
/* End PBXVariantGroup section */

/* Begin XCBuildConfiguration section */
		DD5D16CF260D176D0096BA6E /* Debug */ = {
			isa = XCBuildConfiguration;
			buildSettings = {
				ALWAYS_SEARCH_USER_PATHS = NO;
				CLANG_ANALYZER_NONNULL = YES;
				CLANG_ANALYZER_NUMBER_OBJECT_CONVERSION = YES_AGGRESSIVE;
				CLANG_CXX_LANGUAGE_STANDARD = "gnu++14";
				CLANG_CXX_LIBRARY = "libc++";
				CLANG_ENABLE_MODULES = YES;
				CLANG_ENABLE_OBJC_ARC = YES;
				CLANG_ENABLE_OBJC_WEAK = YES;
				CLANG_WARN_BLOCK_CAPTURE_AUTORELEASING = YES;
				CLANG_WARN_BOOL_CONVERSION = YES;
				CLANG_WARN_COMMA = YES;
				CLANG_WARN_CONSTANT_CONVERSION = YES;
				CLANG_WARN_DEPRECATED_OBJC_IMPLEMENTATIONS = YES;
				CLANG_WARN_DIRECT_OBJC_ISA_USAGE = YES_ERROR;
				CLANG_WARN_DOCUMENTATION_COMMENTS = YES;
				CLANG_WARN_EMPTY_BODY = YES;
				CLANG_WARN_ENUM_CONVERSION = YES;
				CLANG_WARN_INFINITE_RECURSION = YES;
				CLANG_WARN_INT_CONVERSION = YES;
				CLANG_WARN_NON_LITERAL_NULL_CONVERSION = YES;
				CLANG_WARN_OBJC_IMPLICIT_RETAIN_SELF = YES;
				CLANG_WARN_OBJC_LITERAL_CONVERSION = YES;
				CLANG_WARN_OBJC_ROOT_CLASS = YES_ERROR;
				CLANG_WARN_QUOTED_INCLUDE_IN_FRAMEWORK_HEADER = YES;
				CLANG_WARN_RANGE_LOOP_ANALYSIS = YES;
				CLANG_WARN_STRICT_PROTOTYPES = YES;
				CLANG_WARN_SUSPICIOUS_MOVE = YES;
				CLANG_WARN_UNGUARDED_AVAILABILITY = YES_AGGRESSIVE;
				CLANG_WARN_UNREACHABLE_CODE = YES;
				CLANG_WARN__DUPLICATE_METHOD_MATCH = YES;
				COPY_PHASE_STRIP = NO;
				DEBUG_INFORMATION_FORMAT = dwarf;
				ENABLE_STRICT_OBJC_MSGSEND = YES;
				ENABLE_TESTABILITY = YES;
				GCC_C_LANGUAGE_STANDARD = gnu11;
				GCC_DYNAMIC_NO_PIC = NO;
				GCC_NO_COMMON_BLOCKS = YES;
				GCC_OPTIMIZATION_LEVEL = 0;
				GCC_PREPROCESSOR_DEFINITIONS = (
					"DEBUG=1",
					"$(inherited)",
				);
				GCC_WARN_64_TO_32_BIT_CONVERSION = YES;
				GCC_WARN_ABOUT_RETURN_TYPE = YES_ERROR;
				GCC_WARN_UNDECLARED_SELECTOR = YES;
				GCC_WARN_UNINITIALIZED_AUTOS = YES_AGGRESSIVE;
				GCC_WARN_UNUSED_FUNCTION = YES;
				GCC_WARN_UNUSED_VARIABLE = YES;
				IPHONEOS_DEPLOYMENT_TARGET = 14.4;
				MTL_ENABLE_DEBUG_INFO = INCLUDE_SOURCE;
				MTL_FAST_MATH = YES;
				ONLY_ACTIVE_ARCH = YES;
				SDKROOT = iphoneos;
				SWIFT_ACTIVE_COMPILATION_CONDITIONS = DEBUG;
				SWIFT_OPTIMIZATION_LEVEL = "-Onone";
			};
			name = Debug;
		};
		DD5D16D0260D176D0096BA6E /* Release */ = {
			isa = XCBuildConfiguration;
			buildSettings = {
				ALWAYS_SEARCH_USER_PATHS = NO;
				CLANG_ANALYZER_NONNULL = YES;
				CLANG_ANALYZER_NUMBER_OBJECT_CONVERSION = YES_AGGRESSIVE;
				CLANG_CXX_LANGUAGE_STANDARD = "gnu++14";
				CLANG_CXX_LIBRARY = "libc++";
				CLANG_ENABLE_MODULES = YES;
				CLANG_ENABLE_OBJC_ARC = YES;
				CLANG_ENABLE_OBJC_WEAK = YES;
				CLANG_WARN_BLOCK_CAPTURE_AUTORELEASING = YES;
				CLANG_WARN_BOOL_CONVERSION = YES;
				CLANG_WARN_COMMA = YES;
				CLANG_WARN_CONSTANT_CONVERSION = YES;
				CLANG_WARN_DEPRECATED_OBJC_IMPLEMENTATIONS = YES;
				CLANG_WARN_DIRECT_OBJC_ISA_USAGE = YES_ERROR;
				CLANG_WARN_DOCUMENTATION_COMMENTS = YES;
				CLANG_WARN_EMPTY_BODY = YES;
				CLANG_WARN_ENUM_CONVERSION = YES;
				CLANG_WARN_INFINITE_RECURSION = YES;
				CLANG_WARN_INT_CONVERSION = YES;
				CLANG_WARN_NON_LITERAL_NULL_CONVERSION = YES;
				CLANG_WARN_OBJC_IMPLICIT_RETAIN_SELF = YES;
				CLANG_WARN_OBJC_LITERAL_CONVERSION = YES;
				CLANG_WARN_OBJC_ROOT_CLASS = YES_ERROR;
				CLANG_WARN_QUOTED_INCLUDE_IN_FRAMEWORK_HEADER = YES;
				CLANG_WARN_RANGE_LOOP_ANALYSIS = YES;
				CLANG_WARN_STRICT_PROTOTYPES = YES;
				CLANG_WARN_SUSPICIOUS_MOVE = YES;
				CLANG_WARN_UNGUARDED_AVAILABILITY = YES_AGGRESSIVE;
				CLANG_WARN_UNREACHABLE_CODE = YES;
				CLANG_WARN__DUPLICATE_METHOD_MATCH = YES;
				COPY_PHASE_STRIP = NO;
				DEBUG_INFORMATION_FORMAT = "dwarf-with-dsym";
				ENABLE_NS_ASSERTIONS = NO;
				ENABLE_STRICT_OBJC_MSGSEND = YES;
				GCC_C_LANGUAGE_STANDARD = gnu11;
				GCC_NO_COMMON_BLOCKS = YES;
				GCC_WARN_64_TO_32_BIT_CONVERSION = YES;
				GCC_WARN_ABOUT_RETURN_TYPE = YES_ERROR;
				GCC_WARN_UNDECLARED_SELECTOR = YES;
				GCC_WARN_UNINITIALIZED_AUTOS = YES_AGGRESSIVE;
				GCC_WARN_UNUSED_FUNCTION = YES;
				GCC_WARN_UNUSED_VARIABLE = YES;
				IPHONEOS_DEPLOYMENT_TARGET = 14.4;
				MTL_ENABLE_DEBUG_INFO = NO;
				MTL_FAST_MATH = YES;
				SDKROOT = iphoneos;
				SWIFT_COMPILATION_MODE = wholemodule;
				SWIFT_OPTIMIZATION_LEVEL = "-O";
				VALIDATE_PRODUCT = YES;
			};
			name = Release;
		};
		DD5D16D2260D176D0096BA6E /* Debug */ = {
			isa = XCBuildConfiguration;
			baseConfigurationReference = 4EB5A5EF92D016878F4CAE62 /* Pods-TL;DR.debug.xcconfig */;
			buildSettings = {
				ASSETCATALOG_COMPILER_APPICON_NAME = AppIcon;
				ASSETCATALOG_COMPILER_GLOBAL_ACCENT_COLOR_NAME = AccentColor;
				CODE_SIGN_STYLE = Automatic;
				DEVELOPMENT_TEAM = 969VY35729;
				INFOPLIST_FILE = "TL;DR/Info.plist";
				LD_RUNPATH_SEARCH_PATHS = (
					"$(inherited)",
					"@executable_path/Frameworks",
				);
				PRODUCT_BUNDLE_IDENTIFIER = "VikingDev.TL-DR";
				PRODUCT_NAME = "$(TARGET_NAME)";
				SWIFT_VERSION = 5.0;
				TARGETED_DEVICE_FAMILY = 1;
			};
			name = Debug;
		};
		DD5D16D3260D176D0096BA6E /* Release */ = {
			isa = XCBuildConfiguration;
			baseConfigurationReference = 88787E83CB532C45BDFA5365 /* Pods-TL;DR.release.xcconfig */;
			buildSettings = {
				ASSETCATALOG_COMPILER_APPICON_NAME = AppIcon;
				ASSETCATALOG_COMPILER_GLOBAL_ACCENT_COLOR_NAME = AccentColor;
				CODE_SIGN_STYLE = Automatic;
				DEVELOPMENT_TEAM = 969VY35729;
				INFOPLIST_FILE = "TL;DR/Info.plist";
				LD_RUNPATH_SEARCH_PATHS = (
					"$(inherited)",
					"@executable_path/Frameworks",
				);
				PRODUCT_BUNDLE_IDENTIFIER = "VikingDev.TL-DR";
				PRODUCT_NAME = "$(TARGET_NAME)";
				SWIFT_VERSION = 5.0;
				TARGETED_DEVICE_FAMILY = 1;
			};
			name = Release;
		};
/* End XCBuildConfiguration section */

/* Begin XCConfigurationList section */
		DD5D16B8260D176C0096BA6E /* Build configuration list for PBXProject "TL;DR" */ = {
			isa = XCConfigurationList;
			buildConfigurations = (
				DD5D16CF260D176D0096BA6E /* Debug */,
				DD5D16D0260D176D0096BA6E /* Release */,
			);
			defaultConfigurationIsVisible = 0;
			defaultConfigurationName = Release;
		};
		DD5D16D1260D176D0096BA6E /* Build configuration list for PBXNativeTarget "TL;DR" */ = {
			isa = XCConfigurationList;
			buildConfigurations = (
				DD5D16D2260D176D0096BA6E /* Debug */,
				DD5D16D3260D176D0096BA6E /* Release */,
			);
			defaultConfigurationIsVisible = 0;
			defaultConfigurationName = Release;
		};
/* End XCConfigurationList section */
	};
	rootObject = DD5D16B5260D176C0096BA6E /* Project object */;
}
